
Microsoft Visual Studio Solution File, Format Version 12.00
# Visual Studio 2012
Project("{FAE04EC0-301F-11D3-BF4B-00C04F79EFBC}") = "AviCommerce.AviQuote.WebAPI", "AviCommerce.AviQuote.WebAPI\AviCommerce.AviQuote.WebAPI.csproj", "{4FBE4071-1457-43A0-99B2-53CF581F62F9}"
EndProject
Project("{FAE04EC0-301F-11D3-BF4B-00C04F79EFBC}") = "AviCommerce.AviQuote.Web", "AviCommerce.AviQuote.Web\AviCommerce.AviQuote.Web.csproj", "{BBE7D6B6-6A42-4128-AE9A-DEBB22DC8C68}"
EndProject
Global
	GlobalSection(SolutionConfigurationPlatforms) = preSolution
		Debug|Any CPU = Debug|Any CPU
		Release|Any CPU = Release|Any CPU
	EndGlobalSection
	GlobalSection(ProjectConfigurationPlatforms) = postSolution
		{4FBE4071-1457-43A0-99B2-53CF581F62F9}.Debug|Any CPU.ActiveCfg = Debug|Any CPU
		{4FBE4071-1457-43A0-99B2-53CF581F62F9}.Debug|Any CPU.Build.0 = Debug|Any CPU
		{4FBE4071-1457-43A0-99B2-53CF581F62F9}.Release|Any CPU.ActiveCfg = Release|Any CPU
		{4FBE4071-1457-43A0-99B2-53CF581F62F9}.Release|Any CPU.Build.0 = Release|Any CPU
		{BBE7D6B6-6A42-4128-AE9A-DEBB22DC8C68}.Debug|Any CPU.ActiveCfg = Debug|Any CPU
		{BBE7D6B6-6A42-4128-AE9A-DEBB22DC8C68}.Debug|Any CPU.Build.0 = Debug|Any CPU
		{BBE7D6B6-6A42-4128-AE9A-DEBB22DC8C68}.Release|Any CPU.ActiveCfg = Release|Any CPU
		{BBE7D6B6-6A42-4128-AE9A-DEBB22DC8C68}.Release|Any CPU.Build.0 = Release|Any CPU
	EndGlobalSection
	GlobalSection(SolutionProperties) = preSolution
		HideSolutionNode = FALSE
	EndGlobalSection
EndGlobal
